
Microsoft Visual Studio Solution File, Format Version 12.00
# Visual Studio Version 17
VisualStudioVersion = 17.3.32825.248
MinimumVisualStudioVersion = 10.0.40219.1
Project("{9A19103F-16F7-4668-BE54-9A1E7A4F7556}") = "Service", "Service\Service.csproj", "{AFF209B3-9B5B-404B-9B51-8A3F2CD79807}"
EndProject
Project("{9A19103F-16F7-4668-BE54-9A1E7A4F7556}") = "Domain", "Domain\Domain.csproj", "{CC00849A-07ED-48F9-BEE8-E6B52FC54BA5}"
EndProject
Project("{9A19103F-16F7-4668-BE54-9A1E7A4F7556}") = "Infrastructure", "Infrastructure\Infrastructure.csproj", "{80CF92C2-0EAC-4063-A66D-42203C34FEBA}"
EndProject
Global
	GlobalSection(SolutionConfigurationPlatforms) = preSolution
		Debug|Any CPU = Debug|Any CPU
		Release|Any CPU = Release|Any CPU
	EndGlobalSection
	GlobalSection(ProjectConfigurationPlatforms) = postSolution
		{AFF209B3-9B5B-404B-9B51-8A3F2CD79807}.Debug|Any CPU.ActiveCfg = Debug|Any CPU
		{AFF209B3-9B5B-404B-9B51-8A3F2CD79807}.Debug|Any CPU.Build.0 = Debug|Any CPU
		{AFF209B3-9B5B-404B-9B51-8A3F2CD79807}.Release|Any CPU.ActiveCfg = Release|Any CPU
		{AFF209B3-9B5B-404B-9B51-8A3F2CD79807}.Release|Any CPU.Build.0 = Release|Any CPU
		{CC00849A-07ED-48F9-BEE8-E6B52FC54BA5}.Debug|Any CPU.ActiveCfg = Debug|Any CPU
		{CC00849A-07ED-48F9-BEE8-E6B52FC54BA5}.Debug|Any CPU.Build.0 = Debug|Any CPU
		{CC00849A-07ED-48F9-BEE8-E6B52FC54BA5}.Release|Any CPU.ActiveCfg = Release|Any CPU
		{CC00849A-07ED-48F9-BEE8-E6B52FC54BA5}.Release|Any CPU.Build.0 = Release|Any CPU
		{80CF92C2-0EAC-4063-A66D-42203C34FEBA}.Debug|Any CPU.ActiveCfg = Debug|Any CPU
		{80CF92C2-0EAC-4063-A66D-42203C34FEBA}.Debug|Any CPU.Build.0 = Debug|Any CPU
		{80CF92C2-0EAC-4063-A66D-42203C34FEBA}.Release|Any CPU.ActiveCfg = Release|Any CPU
		{80CF92C2-0EAC-4063-A66D-42203C34FEBA}.Release|Any CPU.Build.0 = Release|Any CPU
	EndGlobalSection
	GlobalSection(SolutionProperties) = preSolution
		HideSolutionNode = FALSE
	EndGlobalSection
	GlobalSection(ExtensibilityGlobals) = postSolution
		SolutionGuid = {473D7D94-819F-4D29-932D-172D4657557C}
	EndGlobalSection
EndGlobal
